
Microsoft Visual Studio Solution File, Format Version 12.00
# Visual Studio Version 17
VisualStudioVersion = 17.0.31606.5
MinimumVisualStudioVersion = 10.0.40219.1
Project("{FAE04EC0-301F-11D3-BF4B-00C04F79EFBC}") = "GBLAC.MVC", "GBLAC.MVC\GBLAC.MVC.csproj", "{ED998A9B-1979-46ED-AB68-D9EE610A5967}"
EndProject
Project("{FAE04EC0-301F-11D3-BF4B-00C04F79EFBC}") = "GBLAC.API", "GBLAC.API\GBLAC.API.csproj", "{0E16E872-3316-41FA-96C6-21FE5E369395}"
EndProject
Global
	GlobalSection(SolutionConfigurationPlatforms) = preSolution
		Debug|Any CPU = Debug|Any CPU
		Release|Any CPU = Release|Any CPU
	EndGlobalSection
	GlobalSection(ProjectConfigurationPlatforms) = postSolution
		{ED998A9B-1979-46ED-AB68-D9EE610A5967}.Debug|Any CPU.ActiveCfg = Debug|Any CPU
		{ED998A9B-1979-46ED-AB68-D9EE610A5967}.Debug|Any CPU.Build.0 = Debug|Any CPU
		{ED998A9B-1979-46ED-AB68-D9EE610A5967}.Release|Any CPU.ActiveCfg = Release|Any CPU
		{ED998A9B-1979-46ED-AB68-D9EE610A5967}.Release|Any CPU.Build.0 = Release|Any CPU
		{0E16E872-3316-41FA-96C6-21FE5E369395}.Debug|Any CPU.ActiveCfg = Debug|Any CPU
		{0E16E872-3316-41FA-96C6-21FE5E369395}.Debug|Any CPU.Build.0 = Debug|Any CPU
		{0E16E872-3316-41FA-96C6-21FE5E369395}.Release|Any CPU.ActiveCfg = Release|Any CPU
		{0E16E872-3316-41FA-96C6-21FE5E369395}.Release|Any CPU.Build.0 = Release|Any CPU
	EndGlobalSection
	GlobalSection(SolutionProperties) = preSolution
		HideSolutionNode = FALSE
	EndGlobalSection
	GlobalSection(ExtensibilityGlobals) = postSolution
		SolutionGuid = {96CF01F7-C400-4112-94F4-56EE57812F11}
	EndGlobalSection
EndGlobal
